
Microsoft Visual Studio Solution File, Format Version 12.00
# Visual Studio Version 17
VisualStudioVersion = 17.10.34928.147
MinimumVisualStudioVersion = 10.0.40219.1
Project("{FAE04EC0-301F-11D3-BF4B-00C04F79EFBC}") = "CourseManagementSystem_v1", "CourseManagementSystem_v1\CourseManagementSystem_v1.csproj", "{3FB16530-BAAF-4A6C-A0CD-53ED18AD2198}"
EndProject
Global
	GlobalSection(SolutionConfigurationPlatforms) = preSolution
		Debug|Any CPU = Debug|Any CPU
		Release|Any CPU = Release|Any CPU
	EndGlobalSection
	GlobalSection(ProjectConfigurationPlatforms) = postSolution
		{3FB16530-BAAF-4A6C-A0CD-53ED18AD2198}.Debug|Any CPU.ActiveCfg = Debug|Any CPU
		{3FB16530-BAAF-4A6C-A0CD-53ED18AD2198}.Debug|Any CPU.Build.0 = Debug|Any CPU
		{3FB16530-BAAF-4A6C-A0CD-53ED18AD2198}.Release|Any CPU.ActiveCfg = Release|Any CPU
		{3FB16530-BAAF-4A6C-A0CD-53ED18AD2198}.Release|Any CPU.Build.0 = Release|Any CPU
	EndGlobalSection
	GlobalSection(SolutionProperties) = preSolution
		HideSolutionNode = FALSE
	EndGlobalSection
	GlobalSection(ExtensibilityGlobals) = postSolution
		SolutionGuid = {B20B21F8-3FAA-4DFE-8E7F-93C18E2A4BCB}
	EndGlobalSection
EndGlobal
